
Microsoft Visual Studio Solution File, Format Version 12.00
# Visual Studio Version 16
VisualStudioVersion = 16.0.33214.272
MinimumVisualStudioVersion = 10.0.40219.1
Project("{2150E333-8FDC-42A3-9474-1A3956D46DE8}") = "Services", "Services", "{FD088696-9D5B-4E1E-B163-685A6288670E}"
EndProject
Project("{2150E333-8FDC-42A3-9474-1A3956D46DE8}") = "Catalog", "Catalog", "{BB592302-9571-4CC8-82F7-DF5D46DD02C9}"
EndProject
Project("{9A19103F-16F7-4668-BE54-9A1E7A4F7556}") = "Catalog.API", "Services\Catalog\Catalog.API\Catalog.API.csproj", "{66D608E2-4DBF-4F9F-921E-A1583176F086}"
EndProject
Project("{E53339B2-1760-4266-BCC7-CA923CBCF16C}") = "docker-compose", "docker-compose.dcproj", "{23D52C56-9692-496F-9290-2C14D2C3187E}"
EndProject
Project("{2150E333-8FDC-42A3-9474-1A3956D46DE8}") = "Basket", "Basket", "{F3C23ACA-73CD-4904-9F00-B2A53BB06815}"
EndProject
Project("{9A19103F-16F7-4668-BE54-9A1E7A4F7556}") = "Basket.API", "Services\Basket\Basket.API\Basket.API.csproj", "{F9558072-491F-4632-AF8C-D31F76F54A23}"
EndProject
Project("{2150E333-8FDC-42A3-9474-1A3956D46DE8}") = "Discount", "Discount", "{1F72146F-E652-497D-99AB-873E0EAC767B}"
EndProject
Project("{9A19103F-16F7-4668-BE54-9A1E7A4F7556}") = "Discount.API", "Services\Discount\Discount.API\Discount.API.csproj", "{56B5BC76-38F0-4064-B72E-E7A19FF209C3}"
EndProject
Project("{FAE04EC0-301F-11D3-BF4B-00C04F79EFBC}") = "Discount.Grpc", "Services\Discount\Discount.Grpc\Discount.Grpc.csproj", "{D9B4D119-B109-42A6-89AA-2DCDC06D34BE}"
EndProject
Project("{2150E333-8FDC-42A3-9474-1A3956D46DE8}") = "Solution Items", "Solution Items", "{4089008D-EA74-4C09-930A-A9D88C590BF6}"
	ProjectSection(SolutionItems) = preProject
		.editorconfig = .editorconfig
	EndProjectSection
EndProject
Global
	GlobalSection(SolutionConfigurationPlatforms) = preSolution
		Debug|Any CPU = Debug|Any CPU
		Release|Any CPU = Release|Any CPU
	EndGlobalSection
	GlobalSection(ProjectConfigurationPlatforms) = postSolution
		{66D608E2-4DBF-4F9F-921E-A1583176F086}.Debug|Any CPU.ActiveCfg = Debug|Any CPU
		{66D608E2-4DBF-4F9F-921E-A1583176F086}.Debug|Any CPU.Build.0 = Debug|Any CPU
		{66D608E2-4DBF-4F9F-921E-A1583176F086}.Release|Any CPU.ActiveCfg = Release|Any CPU
		{66D608E2-4DBF-4F9F-921E-A1583176F086}.Release|Any CPU.Build.0 = Release|Any CPU
		{23D52C56-9692-496F-9290-2C14D2C3187E}.Debug|Any CPU.ActiveCfg = Debug|Any CPU
		{23D52C56-9692-496F-9290-2C14D2C3187E}.Debug|Any CPU.Build.0 = Debug|Any CPU
		{23D52C56-9692-496F-9290-2C14D2C3187E}.Release|Any CPU.ActiveCfg = Release|Any CPU
		{23D52C56-9692-496F-9290-2C14D2C3187E}.Release|Any CPU.Build.0 = Release|Any CPU
		{F9558072-491F-4632-AF8C-D31F76F54A23}.Debug|Any CPU.ActiveCfg = Debug|Any CPU
		{F9558072-491F-4632-AF8C-D31F76F54A23}.Debug|Any CPU.Build.0 = Debug|Any CPU
		{F9558072-491F-4632-AF8C-D31F76F54A23}.Release|Any CPU.ActiveCfg = Release|Any CPU
		{F9558072-491F-4632-AF8C-D31F76F54A23}.Release|Any CPU.Build.0 = Release|Any CPU
		{56B5BC76-38F0-4064-B72E-E7A19FF209C3}.Debug|Any CPU.ActiveCfg = Debug|Any CPU
		{56B5BC76-38F0-4064-B72E-E7A19FF209C3}.Debug|Any CPU.Build.0 = Debug|Any CPU
		{56B5BC76-38F0-4064-B72E-E7A19FF209C3}.Release|Any CPU.ActiveCfg = Release|Any CPU
		{56B5BC76-38F0-4064-B72E-E7A19FF209C3}.Release|Any CPU.Build.0 = Release|Any CPU
		{D9B4D119-B109-42A6-89AA-2DCDC06D34BE}.Debug|Any CPU.ActiveCfg = Debug|Any CPU
		{D9B4D119-B109-42A6-89AA-2DCDC06D34BE}.Debug|Any CPU.Build.0 = Debug|Any CPU
		{D9B4D119-B109-42A6-89AA-2DCDC06D34BE}.Release|Any CPU.ActiveCfg = Release|Any CPU
		{D9B4D119-B109-42A6-89AA-2DCDC06D34BE}.Release|Any CPU.Build.0 = Release|Any CPU
	EndGlobalSection
	GlobalSection(SolutionProperties) = preSolution
		HideSolutionNode = FALSE
	EndGlobalSection
	GlobalSection(NestedProjects) = preSolution
		{BB592302-9571-4CC8-82F7-DF5D46DD02C9} = {FD088696-9D5B-4E1E-B163-685A6288670E}
		{66D608E2-4DBF-4F9F-921E-A1583176F086} = {BB592302-9571-4CC8-82F7-DF5D46DD02C9}
		{F3C23ACA-73CD-4904-9F00-B2A53BB06815} = {FD088696-9D5B-4E1E-B163-685A6288670E}
		{F9558072-491F-4632-AF8C-D31F76F54A23} = {F3C23ACA-73CD-4904-9F00-B2A53BB06815}
		{1F72146F-E652-497D-99AB-873E0EAC767B} = {FD088696-9D5B-4E1E-B163-685A6288670E}
		{56B5BC76-38F0-4064-B72E-E7A19FF209C3} = {1F72146F-E652-497D-99AB-873E0EAC767B}
		{D9B4D119-B109-42A6-89AA-2DCDC06D34BE} = {1F72146F-E652-497D-99AB-873E0EAC767B}
	EndGlobalSection
	GlobalSection(ExtensibilityGlobals) = postSolution
		SolutionGuid = {E4CC13EC-86CC-4FAF-BD30-0E3372032DBE}
	EndGlobalSection
EndGlobal
